// !$*UTF8*$!
{
	archiveVersion = 1;
	classes = {
	};
	objectVersion = 50;
	objects = {

/* Begin PBXBuildFile section */
		16527E1C2732675800AD3F01 /* Affirmations.swift in Sources */ = {isa = PBXBuildFile; fileRef = 16527E1B2732675800AD3F01 /* Affirmations.swift */; };
		16761508272C1B270017D2C7 /* AffirmApp.swift in Sources */ = {isa = PBXBuildFile; fileRef = 16761507272C1B270017D2C7 /* AffirmApp.swift */; };
		1676150A272C1B270017D2C7 /* LaunchView.swift in Sources */ = {isa = PBXBuildFile; fileRef = 16761509272C1B270017D2C7 /* LaunchView.swift */; };
		1676150C272C1B270017D2C7 /* Assets.xcassets in Resources */ = {isa = PBXBuildFile; fileRef = 1676150B272C1B270017D2C7 /* Assets.xcassets */; };
		1676150F272C1B270017D2C7 /* Preview Assets.xcassets in Resources */ = {isa = PBXBuildFile; fileRef = 1676150E272C1B270017D2C7 /* Preview Assets.xcassets */; };
		1676151A272C1B280017D2C7 /* AffirmTests.swift in Sources */ = {isa = PBXBuildFile; fileRef = 16761519272C1B280017D2C7 /* AffirmTests.swift */; };
		16761525272C1B280017D2C7 /* AffirmUITests.swift in Sources */ = {isa = PBXBuildFile; fileRef = 16761524272C1B280017D2C7 /* AffirmUITests.swift */; };
		16761534272D16460017D2C7 /* SplashScreen.swift in Sources */ = {isa = PBXBuildFile; fileRef = 16761533272D16460017D2C7 /* SplashScreen.swift */; };
		16761536272D2DA10017D2C7 /* BackgroundView.swift in Sources */ = {isa = PBXBuildFile; fileRef = 16761535272D2DA10017D2C7 /* BackgroundView.swift */; };
		167D6A88273667A500C8713D /* SignInWithApple.swift in Sources */ = {isa = PBXBuildFile; fileRef = 167D6A87273667A500C8713D /* SignInWithApple.swift */; };
		16A7498D2737E9EC00DC48AA /* GridView.swift in Sources */ = {isa = PBXBuildFile; fileRef = 16A7498C2737E9EC00DC48AA /* GridView.swift */; };
		16D64BAD2732DC9B00BB8FDF /* SignUpView.swift in Sources */ = {isa = PBXBuildFile; fileRef = 16D64BAC2732DC9B00BB8FDF /* SignUpView.swift */; };
/* End PBXBuildFile section */

/* Begin PBXContainerItemProxy section */
		16761516272C1B280017D2C7 /* PBXContainerItemProxy */ = {
			isa = PBXContainerItemProxy;
			containerPortal = 167614FC272C1B270017D2C7 /* Project object */;
			proxyType = 1;
			remoteGlobalIDString = 16761503272C1B270017D2C7;
			remoteInfo = Affirm;
		};
		16761521272C1B280017D2C7 /* PBXContainerItemProxy */ = {
			isa = PBXContainerItemProxy;
			containerPortal = 167614FC272C1B270017D2C7 /* Project object */;
			proxyType = 1;
			remoteGlobalIDString = 16761503272C1B270017D2C7;
			remoteInfo = Affirm;
		};
/* End PBXContainerItemProxy section */

/* Begin PBXFileReference section */
		16527E1B2732675800AD3F01 /* Affirmations.swift */ = {isa = PBXFileReference; lastKnownFileType = sourcecode.swift; path = Affirmations.swift; sourceTree = "<group>"; };
		16761504272C1B270017D2C7 /* Affirm.app */ = {isa = PBXFileReference; explicitFileType = wrapper.application; includeInIndex = 0; path = Affirm.app; sourceTree = BUILT_PRODUCTS_DIR; };
		16761507272C1B270017D2C7 /* AffirmApp.swift */ = {isa = PBXFileReference; lastKnownFileType = sourcecode.swift; path = AffirmApp.swift; sourceTree = "<group>"; };
		16761509272C1B270017D2C7 /* LaunchView.swift */ = {isa = PBXFileReference; lastKnownFileType = sourcecode.swift; path = LaunchView.swift; sourceTree = "<group>"; };
		1676150B272C1B270017D2C7 /* Assets.xcassets */ = {isa = PBXFileReference; lastKnownFileType = folder.assetcatalog; path = Assets.xcassets; sourceTree = "<group>"; };
		1676150E272C1B270017D2C7 /* Preview Assets.xcassets */ = {isa = PBXFileReference; lastKnownFileType = folder.assetcatalog; path = "Preview Assets.xcassets"; sourceTree = "<group>"; };
		16761510272C1B270017D2C7 /* Info.plist */ = {isa = PBXFileReference; lastKnownFileType = text.plist.xml; path = Info.plist; sourceTree = "<group>"; };
		16761515272C1B280017D2C7 /* AffirmTests.xctest */ = {isa = PBXFileReference; explicitFileType = wrapper.cfbundle; includeInIndex = 0; path = AffirmTests.xctest; sourceTree = BUILT_PRODUCTS_DIR; };
		16761519272C1B280017D2C7 /* AffirmTests.swift */ = {isa = PBXFileReference; lastKnownFileType = sourcecode.swift; path = AffirmTests.swift; sourceTree = "<group>"; };
		1676151B272C1B280017D2C7 /* Info.plist */ = {isa = PBXFileReference; lastKnownFileType = text.plist.xml; path = Info.plist; sourceTree = "<group>"; };
		16761520272C1B280017D2C7 /* AffirmUITests.xctest */ = {isa = PBXFileReference; explicitFileType = wrapper.cfbundle; includeInIndex = 0; path = AffirmUITests.xctest; sourceTree = BUILT_PRODUCTS_DIR; };
		16761524272C1B280017D2C7 /* AffirmUITests.swift */ = {isa = PBXFileReference; lastKnownFileType = sourcecode.swift; path = AffirmUITests.swift; sourceTree = "<group>"; };
		16761526272C1B280017D2C7 /* Info.plist */ = {isa = PBXFileReference; lastKnownFileType = text.plist.xml; path = Info.plist; sourceTree = "<group>"; };
		16761533272D16460017D2C7 /* SplashScreen.swift */ = {isa = PBXFileReference; lastKnownFileType = sourcecode.swift; path = SplashScreen.swift; sourceTree = "<group>"; };
		16761535272D2DA10017D2C7 /* BackgroundView.swift */ = {isa = PBXFileReference; lastKnownFileType = sourcecode.swift; path = BackgroundView.swift; sourceTree = "<group>"; };
		167D6A862736640800C8713D /* Affirm.entitlements */ = {isa = PBXFileReference; lastKnownFileType = text.plist.entitlements; path = Affirm.entitlements; sourceTree = "<group>"; };
		167D6A87273667A500C8713D /* SignInWithApple.swift */ = {isa = PBXFileReference; lastKnownFileType = sourcecode.swift; path = SignInWithApple.swift; sourceTree = "<group>"; };
		16A7498C2737E9EC00DC48AA /* GridView.swift */ = {isa = PBXFileReference; lastKnownFileType = sourcecode.swift; path = GridView.swift; sourceTree = "<group>"; };
		16D64BAC2732DC9B00BB8FDF /* SignUpView.swift */ = {isa = PBXFileReference; lastKnownFileType = sourcecode.swift; path = SignUpView.swift; sourceTree = "<group>"; };
/* End PBXFileReference section */

/* Begin PBXFrameworksBuildPhase section */
		16761501272C1B270017D2C7 /* Frameworks */ = {
			isa = PBXFrameworksBuildPhase;
			buildActionMask = 2147483647;
			files = (
			);
			runOnlyForDeploymentPostprocessing = 0;
		};
		16761512272C1B280017D2C7 /* Frameworks */ = {
			isa = PBXFrameworksBuildPhase;
			buildActionMask = 2147483647;
			files = (
			);
			runOnlyForDeploymentPostprocessing = 0;
		};
		1676151D272C1B280017D2C7 /* Frameworks */ = {
			isa = PBXFrameworksBuildPhase;
			buildActionMask = 2147483647;
			files = (
			);
			runOnlyForDeploymentPostprocessing = 0;
		};
/* End PBXFrameworksBuildPhase section */

/* Begin PBXGroup section */
		16527E192732673200AD3F01 /* Model */ = {
			isa = PBXGroup;
			children = (
				16527E1B2732675800AD3F01 /* Affirmations.swift */,
			);
			path = Model;
			sourceTree = "<group>";
		};
		16527E1A2732673A00AD3F01 /* Controller */ = {
			isa = PBXGroup;
			children = (
				167D6A87273667A500C8713D /* SignInWithApple.swift */,
			);
			path = Controller;
			sourceTree = "<group>";
		};
		167614FB272C1B270017D2C7 = {
			isa = PBXGroup;
			children = (
				16761506272C1B270017D2C7 /* Affirm */,
				16761518272C1B280017D2C7 /* AffirmTests */,
				16761523272C1B280017D2C7 /* AffirmUITests */,
				16761505272C1B270017D2C7 /* Products */,
			);
			sourceTree = "<group>";
		};
		16761505272C1B270017D2C7 /* Products */ = {
			isa = PBXGroup;
			children = (
				16761504272C1B270017D2C7 /* Affirm.app */,
				16761515272C1B280017D2C7 /* AffirmTests.xctest */,
				16761520272C1B280017D2C7 /* AffirmUITests.xctest */,
			);
			name = Products;
			sourceTree = "<group>";
		};
		16761506272C1B270017D2C7 /* Affirm */ = {
			isa = PBXGroup;
			children = (
				167D6A862736640800C8713D /* Affirm.entitlements */,
				16761532272D15110017D2C7 /* View */,
				16527E1A2732673A00AD3F01 /* Controller */,
				16527E192732673200AD3F01 /* Model */,
				1676150B272C1B270017D2C7 /* Assets.xcassets */,
				16761510272C1B270017D2C7 /* Info.plist */,
				16761507272C1B270017D2C7 /* AffirmApp.swift */,
				1676150D272C1B270017D2C7 /* Preview Content */,
			);
			path = Affirm;
			sourceTree = "<group>";
		};
		1676150D272C1B270017D2C7 /* Preview Content */ = {
			isa = PBXGroup;
			children = (
				1676150E272C1B270017D2C7 /* Preview Assets.xcassets */,
			);
			path = "Preview Content";
			sourceTree = "<group>";
		};
		16761518272C1B280017D2C7 /* AffirmTests */ = {
			isa = PBXGroup;
			children = (
				16761519272C1B280017D2C7 /* AffirmTests.swift */,
				1676151B272C1B280017D2C7 /* Info.plist */,
			);
			path = AffirmTests;
			sourceTree = "<group>";
		};
		16761523272C1B280017D2C7 /* AffirmUITests */ = {
			isa = PBXGroup;
			children = (
				16761524272C1B280017D2C7 /* AffirmUITests.swift */,
				16761526272C1B280017D2C7 /* Info.plist */,
			);
			path = AffirmUITests;
			sourceTree = "<group>";
		};
		16761532272D15110017D2C7 /* View */ = {
			isa = PBXGroup;
			children = (
				16761509272C1B270017D2C7 /* LaunchView.swift */,
				16761535272D2DA10017D2C7 /* BackgroundView.swift */,
				16761533272D16460017D2C7 /* SplashScreen.swift */,
				16D64BAC2732DC9B00BB8FDF /* SignUpView.swift */,
				16A7498C2737E9EC00DC48AA /* GridView.swift */,
			);
			path = View;
			sourceTree = "<group>";
		};
/* End PBXGroup section */

/* Begin PBXNativeTarget section */
		16761503272C1B270017D2C7 /* Affirm */ = {
			isa = PBXNativeTarget;
			buildConfigurationList = 16761529272C1B280017D2C7 /* Build configuration list for PBXNativeTarget "Affirm" */;
			buildPhases = (
				16761500272C1B270017D2C7 /* Sources */,
				16761501272C1B270017D2C7 /* Frameworks */,
				16761502272C1B270017D2C7 /* Resources */,
			);
			buildRules = (
			);
			dependencies = (
			);
			name = Affirm;
			productName = Affirm;
			productReference = 16761504272C1B270017D2C7 /* Affirm.app */;
			productType = "com.apple.product-type.application";
		};
		16761514272C1B280017D2C7 /* AffirmTests */ = {
			isa = PBXNativeTarget;
			buildConfigurationList = 1676152C272C1B280017D2C7 /* Build configuration list for PBXNativeTarget "AffirmTests" */;
			buildPhases = (
				16761511272C1B280017D2C7 /* Sources */,
				16761512272C1B280017D2C7 /* Frameworks */,
				16761513272C1B280017D2C7 /* Resources */,
			);
			buildRules = (
			);
			dependencies = (
				16761517272C1B280017D2C7 /* PBXTargetDependency */,
			);
			name = AffirmTests;
			productName = AffirmTests;
			productReference = 16761515272C1B280017D2C7 /* AffirmTests.xctest */;
			productType = "com.apple.product-type.bundle.unit-test";
		};
		1676151F272C1B280017D2C7 /* AffirmUITests */ = {
			isa = PBXNativeTarget;
			buildConfigurationList = 1676152F272C1B280017D2C7 /* Build configuration list for PBXNativeTarget "AffirmUITests" */;
			buildPhases = (
				1676151C272C1B280017D2C7 /* Sources */,
				1676151D272C1B280017D2C7 /* Frameworks */,
				1676151E272C1B280017D2C7 /* Resources */,
			);
			buildRules = (
			);
			dependencies = (
				16761522272C1B280017D2C7 /* PBXTargetDependency */,
			);
			name = AffirmUITests;
			productName = AffirmUITests;
			productReference = 16761520272C1B280017D2C7 /* AffirmUITests.xctest */;
			productType = "com.apple.product-type.bundle.ui-testing";
		};
/* End PBXNativeTarget section */

/* Begin PBXProject section */
		167614FC272C1B270017D2C7 /* Project object */ = {
			isa = PBXProject;
			attributes = {
				LastSwiftUpdateCheck = 1250;
				LastUpgradeCheck = 1250;
				TargetAttributes = {
					16761503272C1B270017D2C7 = {
						CreatedOnToolsVersion = 12.5.1;
					};
					16761514272C1B280017D2C7 = {
						CreatedOnToolsVersion = 12.5.1;
						TestTargetID = 16761503272C1B270017D2C7;
					};
					1676151F272C1B280017D2C7 = {
						CreatedOnToolsVersion = 12.5.1;
						TestTargetID = 16761503272C1B270017D2C7;
					};
				};
			};
			buildConfigurationList = 167614FF272C1B270017D2C7 /* Build configuration list for PBXProject "Affirm" */;
			compatibilityVersion = "Xcode 9.3";
			developmentRegion = en;
			hasScannedForEncodings = 0;
			knownRegions = (
				en,
				Base,
			);
			mainGroup = 167614FB272C1B270017D2C7;
			productRefGroup = 16761505272C1B270017D2C7 /* Products */;
			projectDirPath = "";
			projectRoot = "";
			targets = (
				16761503272C1B270017D2C7 /* Affirm */,
				16761514272C1B280017D2C7 /* AffirmTests */,
				1676151F272C1B280017D2C7 /* AffirmUITests */,
			);
		};
/* End PBXProject section */

/* Begin PBXResourcesBuildPhase section */
		16761502272C1B270017D2C7 /* Resources */ = {
			isa = PBXResourcesBuildPhase;
			buildActionMask = 2147483647;
			files = (
				1676150F272C1B270017D2C7 /* Preview Assets.xcassets in Resources */,
				1676150C272C1B270017D2C7 /* Assets.xcassets in Resources */,
			);
			runOnlyForDeploymentPostprocessing = 0;
		};
		16761513272C1B280017D2C7 /* Resources */ = {
			isa = PBXResourcesBuildPhase;
			buildActionMask = 2147483647;
			files = (
			);
			runOnlyForDeploymentPostprocessing = 0;
		};
		1676151E272C1B280017D2C7 /* Resources */ = {
			isa = PBXResourcesBuildPhase;
			buildActionMask = 2147483647;
			files = (
			);
			runOnlyForDeploymentPostprocessing = 0;
		};
/* End PBXResourcesBuildPhase section */

/* Begin PBXSourcesBuildPhase section */
		16761500272C1B270017D2C7 /* Sources */ = {
			isa = PBXSourcesBuildPhase;
			buildActionMask = 2147483647;
			files = (
				16761534272D16460017D2C7 /* SplashScreen.swift in Sources */,
				1676150A272C1B270017D2C7 /* LaunchView.swift in Sources */,
				16A7498D2737E9EC00DC48AA /* GridView.swift in Sources */,
				16D64BAD2732DC9B00BB8FDF /* SignUpView.swift in Sources */,
				16761536272D2DA10017D2C7 /* BackgroundView.swift in Sources */,
				16527E1C2732675800AD3F01 /* Affirmations.swift in Sources */,
				167D6A88273667A500C8713D /* SignInWithApple.swift in Sources */,
				16761508272C1B270017D2C7 /* AffirmApp.swift in Sources */,
			);
			runOnlyForDeploymentPostprocessing = 0;
		};
		16761511272C1B280017D2C7 /* Sources */ = {
			isa = PBXSourcesBuildPhase;
			buildActionMask = 2147483647;
			files = (
				1676151A272C1B280017D2C7 /* AffirmTests.swift in Sources */,
			);
			runOnlyForDeploymentPostprocessing = 0;
		};
		1676151C272C1B280017D2C7 /* Sources */ = {
			isa = PBXSourcesBuildPhase;
			buildActionMask = 2147483647;
			files = (
				16761525272C1B280017D2C7 /* AffirmUITests.swift in Sources */,
			);
			runOnlyForDeploymentPostprocessing = 0;
		};
/* End PBXSourcesBuildPhase section */

/* Begin PBXTargetDependency section */
		16761517272C1B280017D2C7 /* PBXTargetDependency */ = {
			isa = PBXTargetDependency;
			target = 16761503272C1B270017D2C7 /* Affirm */;
			targetProxy = 16761516272C1B280017D2C7 /* PBXContainerItemProxy */;
		};
		16761522272C1B280017D2C7 /* PBXTargetDependency */ = {
			isa = PBXTargetDependency;
			target = 16761503272C1B270017D2C7 /* Affirm */;
			targetProxy = 16761521272C1B280017D2C7 /* PBXContainerItemProxy */;
		};
/* End PBXTargetDependency section */

/* Begin XCBuildConfiguration section */
		16761527272C1B280017D2C7 /* Debug */ = {
			isa = XCBuildConfiguration;
			buildSettings = {
				ALWAYS_SEARCH_USER_PATHS = NO;
				CLANG_ANALYZER_NONNULL = YES;
				CLANG_ANALYZER_NUMBER_OBJECT_CONVERSION = YES_AGGRESSIVE;
				CLANG_CXX_LANGUAGE_STANDARD = "gnu++14";
				CLANG_CXX_LIBRARY = "libc++";
				CLANG_ENABLE_MODULES = YES;
				CLANG_ENABLE_OBJC_ARC = YES;
				CLANG_ENABLE_OBJC_WEAK = YES;
				CLANG_WARN_BLOCK_CAPTURE_AUTORELEASING = YES;
				CLANG_WARN_BOOL_CONVERSION = YES;
				CLANG_WARN_COMMA = YES;
				CLANG_WARN_CONSTANT_CONVERSION = YES;
				CLANG_WARN_DEPRECATED_OBJC_IMPLEMENTATIONS = YES;
				CLANG_WARN_DIRECT_OBJC_ISA_USAGE = YES_ERROR;
				CLANG_WARN_DOCUMENTATION_COMMENTS = YES;
				CLANG_WARN_EMPTY_BODY = YES;
				CLANG_WARN_ENUM_CONVERSION = YES;
				CLANG_WARN_INFINITE_RECURSION = YES;
				CLANG_WARN_INT_CONVERSION = YES;
				CLANG_WARN_NON_LITERAL_NULL_CONVERSION = YES;
				CLANG_WARN_OBJC_IMPLICIT_RETAIN_SELF = YES;
				CLANG_WARN_OBJC_LITERAL_CONVERSION = YES;
				CLANG_WARN_OBJC_ROOT_CLASS = YES_ERROR;
				CLANG_WARN_QUOTED_INCLUDE_IN_FRAMEWORK_HEADER = YES;
				CLANG_WARN_RANGE_LOOP_ANALYSIS = YES;
				CLANG_WARN_STRICT_PROTOTYPES = YES;
				CLANG_WARN_SUSPICIOUS_MOVE = YES;
				CLANG_WARN_UNGUARDED_AVAILABILITY = YES_AGGRESSIVE;
				CLANG_WARN_UNREACHABLE_CODE = YES;
				CLANG_WARN__DUPLICATE_METHOD_MATCH = YES;
				COPY_PHASE_STRIP = NO;
				DEBUG_INFORMATION_FORMAT = dwarf;
				ENABLE_STRICT_OBJC_MSGSEND = YES;
				ENABLE_TESTABILITY = YES;
				GCC_C_LANGUAGE_STANDARD = gnu11;
				GCC_DYNAMIC_NO_PIC = NO;
				GCC_NO_COMMON_BLOCKS = YES;
				GCC_OPTIMIZATION_LEVEL = 0;
				GCC_PREPROCESSOR_DEFINITIONS = (
					"DEBUG=1",
					"$(inherited)",
				);
				GCC_WARN_64_TO_32_BIT_CONVERSION = YES;
				GCC_WARN_ABOUT_RETURN_TYPE = YES_ERROR;
				GCC_WARN_UNDECLARED_SELECTOR = YES;
				GCC_WARN_UNINITIALIZED_AUTOS = YES_AGGRESSIVE;
				GCC_WARN_UNUSED_FUNCTION = YES;
				GCC_WARN_UNUSED_VARIABLE = YES;
				IPHONEOS_DEPLOYMENT_TARGET = 14.5;
				MTL_ENABLE_DEBUG_INFO = INCLUDE_SOURCE;
				MTL_FAST_MATH = YES;
				ONLY_ACTIVE_ARCH = YES;
				SDKROOT = iphoneos;
				SWIFT_ACTIVE_COMPILATION_CONDITIONS = DEBUG;
				SWIFT_OPTIMIZATION_LEVEL = "-Onone";
			};
			name = Debug;
		};
		16761528272C1B280017D2C7 /* Release */ = {
			isa = XCBuildConfiguration;
			buildSettings = {
				ALWAYS_SEARCH_USER_PATHS = NO;
				CLANG_ANALYZER_NONNULL = YES;
				CLANG_ANALYZER_NUMBER_OBJECT_CONVERSION = YES_AGGRESSIVE;
				CLANG_CXX_LANGUAGE_STANDARD = "gnu++14";
				CLANG_CXX_LIBRARY = "libc++";
				CLANG_ENABLE_MODULES = YES;
				CLANG_ENABLE_OBJC_ARC = YES;
				CLANG_ENABLE_OBJC_WEAK = YES;
				CLANG_WARN_BLOCK_CAPTURE_AUTORELEASING = YES;
				CLANG_WARN_BOOL_CONVERSION = YES;
				CLANG_WARN_COMMA = YES;
				CLANG_WARN_CONSTANT_CONVERSION = YES;
				CLANG_WARN_DEPRECATED_OBJC_IMPLEMENTATIONS = YES;
				CLANG_WARN_DIRECT_OBJC_ISA_USAGE = YES_ERROR;
				CLANG_WARN_DOCUMENTATION_COMMENTS = YES;
				CLANG_WARN_EMPTY_BODY = YES;
				CLANG_WARN_ENUM_CONVERSION = YES;
				CLANG_WARN_INFINITE_RECURSION = YES;
				CLANG_WARN_INT_CONVERSION = YES;
				CLANG_WARN_NON_LITERAL_NULL_CONVERSION = YES;
				CLANG_WARN_OBJC_IMPLICIT_RETAIN_SELF = YES;
				CLANG_WARN_OBJC_LITERAL_CONVERSION = YES;
				CLANG_WARN_OBJC_ROOT_CLASS = YES_ERROR;
				CLANG_WARN_QUOTED_INCLUDE_IN_FRAMEWORK_HEADER = YES;
				CLANG_WARN_RANGE_LOOP_ANALYSIS = YES;
				CLANG_WARN_STRICT_PROTOTYPES = YES;
				CLANG_WARN_SUSPICIOUS_MOVE = YES;
				CLANG_WARN_UNGUARDED_AVAILABILITY = YES_AGGRESSIVE;
				CLANG_WARN_UNREACHABLE_CODE = YES;
				CLANG_WARN__DUPLICATE_METHOD_MATCH = YES;
				COPY_PHASE_STRIP = NO;
				DEBUG_INFORMATION_FORMAT = "dwarf-with-dsym";
				ENABLE_NS_ASSERTIONS = NO;
				ENABLE_STRICT_OBJC_MSGSEND = YES;
				GCC_C_LANGUAGE_STANDARD = gnu11;
				GCC_NO_COMMON_BLOCKS = YES;
				GCC_WARN_64_TO_32_BIT_CONVERSION = YES;
				GCC_WARN_ABOUT_RETURN_TYPE = YES_ERROR;
				GCC_WARN_UNDECLARED_SELECTOR = YES;
				GCC_WARN_UNINITIALIZED_AUTOS = YES_AGGRESSIVE;
				GCC_WARN_UNUSED_FUNCTION = YES;
				GCC_WARN_UNUSED_VARIABLE = YES;
				IPHONEOS_DEPLOYMENT_TARGET = 14.5;
				MTL_ENABLE_DEBUG_INFO = NO;
				MTL_FAST_MATH = YES;
				SDKROOT = iphoneos;
				SWIFT_COMPILATION_MODE = wholemodule;
				SWIFT_OPTIMIZATION_LEVEL = "-O";
				VALIDATE_PRODUCT = YES;
			};
			name = Release;
		};
		1676152A272C1B280017D2C7 /* Debug */ = {
			isa = XCBuildConfiguration;
			buildSettings = {
				ASSETCATALOG_COMPILER_APPICON_NAME = AppIcon;
				ASSETCATALOG_COMPILER_GLOBAL_ACCENT_COLOR_NAME = AccentColor;
				CODE_SIGN_ENTITLEMENTS = Affirm/Affirm.entitlements;
				CODE_SIGN_STYLE = Automatic;
				DEVELOPMENT_ASSET_PATHS = "\"Affirm/Preview Content\"";
				DEVELOPMENT_TEAM = 7NN4GA72T6;
				ENABLE_PREVIEWS = YES;
				INFOPLIST_FILE = Affirm/Info.plist;
				IPHONEOS_DEPLOYMENT_TARGET = 14.0;
				LD_RUNPATH_SEARCH_PATHS = (
					"$(inherited)",
					"@executable_path/Frameworks",
				);
				PRODUCT_BUNDLE_IDENTIFIER = com.selenyanar.Affirm;
				PRODUCT_NAME = "$(TARGET_NAME)";
				SWIFT_VERSION = 5.0;
				TARGETED_DEVICE_FAMILY = "1,2";
			};
			name = Debug;
		};
		1676152B272C1B280017D2C7 /* Release */ = {
			isa = XCBuildConfiguration;
			buildSettings = {
				ASSETCATALOG_COMPILER_APPICON_NAME = AppIcon;
				ASSETCATALOG_COMPILER_GLOBAL_ACCENT_COLOR_NAME = AccentColor;
				CODE_SIGN_ENTITLEMENTS = Affirm/Affirm.entitlements;
				CODE_SIGN_STYLE = Automatic;
				DEVELOPMENT_ASSET_PATHS = "\"Affirm/Preview Content\"";
				DEVELOPMENT_TEAM = 7NN4GA72T6;
				ENABLE_PREVIEWS = YES;
				INFOPLIST_FILE = Affirm/Info.plist;
				IPHONEOS_DEPLOYMENT_TARGET = 14.0;
				LD_RUNPATH_SEARCH_PATHS = (
					"$(inherited)",
					"@executable_path/Frameworks",
				);
				PRODUCT_BUNDLE_IDENTIFIER = com.selenyanar.Affirm;
				PRODUCT_NAME = "$(TARGET_NAME)";
				SWIFT_VERSION = 5.0;
				TARGETED_DEVICE_FAMILY = "1,2";
			};
			name = Release;
		};
		1676152D272C1B280017D2C7 /* Debug */ = {
			isa = XCBuildConfiguration;
			buildSettings = {
				ALWAYS_EMBED_SWIFT_STANDARD_LIBRARIES = YES;
				BUNDLE_LOADER = "$(TEST_HOST)";
				CODE_SIGN_STYLE = Automatic;
				DEVELOPMENT_TEAM = 7NN4GA72T6;
				INFOPLIST_FILE = AffirmTests/Info.plist;
				IPHONEOS_DEPLOYMENT_TARGET = 14.0;
				LD_RUNPATH_SEARCH_PATHS = (
					"$(inherited)",
					"@executable_path/Frameworks",
					"@loader_path/Frameworks",
				);
				PRODUCT_BUNDLE_IDENTIFIER = com.selenyanar.AffirmTests;
				PRODUCT_NAME = "$(TARGET_NAME)";
				SWIFT_VERSION = 5.0;
				TARGETED_DEVICE_FAMILY = "1,2";
				TEST_HOST = "$(BUILT_PRODUCTS_DIR)/Affirm.app/Affirm";
			};
			name = Debug;
		};
		1676152E272C1B280017D2C7 /* Release */ = {
			isa = XCBuildConfiguration;
			buildSettings = {
				ALWAYS_EMBED_SWIFT_STANDARD_LIBRARIES = YES;
				BUNDLE_LOADER = "$(TEST_HOST)";
				CODE_SIGN_STYLE = Automatic;
				DEVELOPMENT_TEAM = 7NN4GA72T6;
				INFOPLIST_FILE = AffirmTests/Info.plist;
				IPHONEOS_DEPLOYMENT_TARGET = 14.0;
				LD_RUNPATH_SEARCH_PATHS = (
					"$(inherited)",
					"@executable_path/Frameworks",
					"@loader_path/Frameworks",
				);
				PRODUCT_BUNDLE_IDENTIFIER = com.selenyanar.AffirmTests;
				PRODUCT_NAME = "$(TARGET_NAME)";
				SWIFT_VERSION = 5.0;
				TARGETED_DEVICE_FAMILY = "1,2";
				TEST_HOST = "$(BUILT_PRODUCTS_DIR)/Affirm.app/Affirm";
			};
			name = Release;
		};
		16761530272C1B280017D2C7 /* Debug */ = {
			isa = XCBuildConfiguration;
			buildSettings = {
				ALWAYS_EMBED_SWIFT_STANDARD_LIBRARIES = YES;
				CODE_SIGN_STYLE = Automatic;
				DEVELOPMENT_TEAM = 7NN4GA72T6;
				INFOPLIST_FILE = AffirmUITests/Info.plist;
				LD_RUNPATH_SEARCH_PATHS = (
					"$(inherited)",
					"@executable_path/Frameworks",
					"@loader_path/Frameworks",
				);
				PRODUCT_BUNDLE_IDENTIFIER = com.selenyanar.AffirmUITests;
				PRODUCT_NAME = "$(TARGET_NAME)";
				SWIFT_VERSION = 5.0;
				TARGETED_DEVICE_FAMILY = "1,2";
				TEST_TARGET_NAME = Affirm;
			};
			name = Debug;
		};
		16761531272C1B280017D2C7 /* Release */ = {
			isa = XCBuildConfiguration;
			buildSettings = {
				ALWAYS_EMBED_SWIFT_STANDARD_LIBRARIES = YES;
				CODE_SIGN_STYLE = Automatic;
				DEVELOPMENT_TEAM = 7NN4GA72T6;
				INFOPLIST_FILE = AffirmUITests/Info.plist;
				LD_RUNPATH_SEARCH_PATHS = (
					"$(inherited)",
					"@executable_path/Frameworks",
					"@loader_path/Frameworks",
				);
				PRODUCT_BUNDLE_IDENTIFIER = com.selenyanar.AffirmUITests;
				PRODUCT_NAME = "$(TARGET_NAME)";
				SWIFT_VERSION = 5.0;
				TARGETED_DEVICE_FAMILY = "1,2";
				TEST_TARGET_NAME = Affirm;
			};
			name = Release;
		};
/* End XCBuildConfiguration section */

/* Begin XCConfigurationList section */
		167614FF272C1B270017D2C7 /* Build configuration list for PBXProject "Affirm" */ = {
			isa = XCConfigurationList;
			buildConfigurations = (
				16761527272C1B280017D2C7 /* Debug */,
				16761528272C1B280017D2C7 /* Release */,
			);
			defaultConfigurationIsVisible = 0;
			defaultConfigurationName = Release;
		};
		16761529272C1B280017D2C7 /* Build configuration list for PBXNativeTarget "Affirm" */ = {
			isa = XCConfigurationList;
			buildConfigurations = (
				1676152A272C1B280017D2C7 /* Debug */,
				1676152B272C1B280017D2C7 /* Release */,
			);
			defaultConfigurationIsVisible = 0;
			defaultConfigurationName = Release;
		};
		1676152C272C1B280017D2C7 /* Build configuration list for PBXNativeTarget "AffirmTests" */ = {
			isa = XCConfigurationList;
			buildConfigurations = (
				1676152D272C1B280017D2C7 /* Debug */,
				1676152E272C1B280017D2C7 /* Release */,
			);
			defaultConfigurationIsVisible = 0;
			defaultConfigurationName = Release;
		};
		1676152F272C1B280017D2C7 /* Build configuration list for PBXNativeTarget "AffirmUITests" */ = {
			isa = XCConfigurationList;
			buildConfigurations = (
				16761530272C1B280017D2C7 /* Debug */,
				16761531272C1B280017D2C7 /* Release */,
			);
			defaultConfigurationIsVisible = 0;
			defaultConfigurationName = Release;
		};
/* End XCConfigurationList section */
	};
	rootObject = 167614FC272C1B270017D2C7 /* Project object */;
}
